PODS:
  - Kingfisher (7.12.0)
  - MapViewPlus (0.1.3):
    - Kingfisher (~> 7.12.0)

DEPENDENCIES:
  - MapViewPlus (from `../`)

SPEC REPOS:
  trunk:
    - Kingfisher

EXTERNAL SOURCES:
  MapViewPlus:
    :path: "../"

SPEC CHECKSUMS:
  Kingfisher: 53a10ea35051a436b5fb626ca2dd8f3144d755e9
  MapViewPlus: 90cea6869991757550ecbdae57e2c36e3434fa63

PODFILE CHECKSUM: dfc6609628027e0bbaa342f25ad017707d275048

COCOAPODS: 1.15.2
